
Microsoft Visual Studio Solution File, Format Version 12.00
# Visual Studio Version 17
VisualStudioVersion = 17.3.32901.215
MinimumVisualStudioVersion = 10.0.40219.1
Project("{FAE04EC0-301F-11D3-BF4B-00C04F79EFBC}") = "Задание 2 (вариант 13)", "Задание 2 (вариант 13)\Задание 2 (вариант 13).csproj", "{D524FB71-4C7F-41A2-B20A-1DA7137084CB}"
EndProject
Global
	GlobalSection(SolutionConfigurationPlatforms) = preSolution
		Debug|Any CPU = Debug|Any CPU
		Release|Any CPU = Release|Any CPU
	EndGlobalSection
	GlobalSection(ProjectConfigurationPlatforms) = postSolution
		{D524FB71-4C7F-41A2-B20A-1DA7137084CB}.Debug|Any CPU.ActiveCfg = Debug|Any CPU
		{D524FB71-4C7F-41A2-B20A-1DA7137084CB}.Debug|Any CPU.Build.0 = Debug|Any CPU
		{D524FB71-4C7F-41A2-B20A-1DA7137084CB}.Release|Any CPU.ActiveCfg = Release|Any CPU
		{D524FB71-4C7F-41A2-B20A-1DA7137084CB}.Release|Any CPU.Build.0 = Release|Any CPU
	EndGlobalSection
	GlobalSection(SolutionProperties) = preSolution
		HideSolutionNode = FALSE
	EndGlobalSection
	GlobalSection(ExtensibilityGlobals) = postSolution
		SolutionGuid = {53B4F523-29FF-4E92-9B57-A5BC494FFEA8}
	EndGlobalSection
EndGlobal
